
Microsoft Visual Studio Solution File, Format Version 12.00
# Visual Studio Version 16
VisualStudioVersion = 16.0.31112.23
MinimumVisualStudioVersion = 10.0.40219.1
Project("{FAE04EC0-301F-11D3-BF4B-00C04F79EFBC}") = "SiemensToBRIOIntegration", "SiemensToBRIOIntegration\SiemensToBRIOIntegration.csproj", "{4B7D9C97-E6AF-4646-A8E4-3CCC42D60F4B}"
EndProject
Project("{FAE04EC0-301F-11D3-BF4B-00C04F79EFBC}") = "Test", "Test\Test.csproj", "{3B2C8F80-CD8C-4E06-85E2-1654495D8B2F}"
EndProject
Global
	GlobalSection(SolutionConfigurationPlatforms) = preSolution
		Debug|Any CPU = Debug|Any CPU
		Release|Any CPU = Release|Any CPU
	EndGlobalSection
	GlobalSection(ProjectConfigurationPlatforms) = postSolution
		{4B7D9C97-E6AF-4646-A8E4-3CCC42D60F4B}.Debug|Any CPU.ActiveCfg = Debug|Any CPU
		{4B7D9C97-E6AF-4646-A8E4-3CCC42D60F4B}.Debug|Any CPU.Build.0 = Debug|Any CPU
		{4B7D9C97-E6AF-4646-A8E4-3CCC42D60F4B}.Release|Any CPU.ActiveCfg = Release|Any CPU
		{4B7D9C97-E6AF-4646-A8E4-3CCC42D60F4B}.Release|Any CPU.Build.0 = Release|Any CPU
		{3B2C8F80-CD8C-4E06-85E2-1654495D8B2F}.Debug|Any CPU.ActiveCfg = Debug|Any CPU
		{3B2C8F80-CD8C-4E06-85E2-1654495D8B2F}.Debug|Any CPU.Build.0 = Debug|Any CPU
		{3B2C8F80-CD8C-4E06-85E2-1654495D8B2F}.Release|Any CPU.ActiveCfg = Release|Any CPU
		{3B2C8F80-CD8C-4E06-85E2-1654495D8B2F}.Release|Any CPU.Build.0 = Release|Any CPU
	EndGlobalSection
	GlobalSection(SolutionProperties) = preSolution
		HideSolutionNode = FALSE
	EndGlobalSection
	GlobalSection(ExtensibilityGlobals) = postSolution
		SolutionGuid = {9B9EE375-F989-4DE9-88B0-8F02792A296B}
	EndGlobalSection
EndGlobal
